
Microsoft Visual Studio Solution File, Format Version 12.00
Project("{FAE04EC0-301F-11D3-BF4B-00C04F79EFBC}") = "WebAssignment Vishal", "WebAssignment Vishal.csproj", "{6CC60F73-38BF-4BB7-992E-196B87E000D7}"
EndProject
Global
	GlobalSection(SolutionConfigurationPlatforms) = preSolution
		Debug|Any CPU = Debug|Any CPU
		Release|Any CPU = Release|Any CPU
	EndGlobalSection
	GlobalSection(ProjectConfigurationPlatforms) = postSolution
		{6CC60F73-38BF-4BB7-992E-196B87E000D7}.Debug|Any CPU.ActiveCfg = Debug|Any CPU
		{6CC60F73-38BF-4BB7-992E-196B87E000D7}.Debug|Any CPU.Build.0 = Debug|Any CPU
		{6CC60F73-38BF-4BB7-992E-196B87E000D7}.Release|Any CPU.ActiveCfg = Release|Any CPU
		{6CC60F73-38BF-4BB7-992E-196B87E000D7}.Release|Any CPU.Build.0 = Release|Any CPU
	EndGlobalSection
EndGlobal
